
Microsoft Visual Studio Solution File, Format Version 12.00
# Visual Studio Version 17
VisualStudioVersion = 17.12.35527.113
MinimumVisualStudioVersion = 10.0.40219.1
Project("{FAE04EC0-301F-11D3-BF4B-00C04F79EFBC}") = "netflix.Browser", "netflix\netflix.Browser\netflix.Browser.csproj", "{11DF77CD-A757-49C2-A259-D083A62BD7B5}"
EndProject
Project("{FAE04EC0-301F-11D3-BF4B-00C04F79EFBC}") = "netflix", "netflix\netflix\netflix.csproj", "{AFCAD8FC-9338-4601-A2E2-CB428D90F143}"
EndProject
Project("{FAE04EC0-301F-11D3-BF4B-00C04F79EFBC}") = "netflix.Simulator", "netflix\netflix.Simulator\netflix.Simulator.csproj", "{E25D7839-35BF-4228-8DA8-C38DE11A5CBA}"
EndProject
Project("{FAE04EC0-301F-11D3-BF4B-00C04F79EFBC}") = "netflix.MauiHybrid", "netflix\netflix.MauiHybrid\netflix.MauiHybrid.csproj", "{E52FF174-0289-4037-BE83-D3C2D55D2C7D}"
EndProject
Project("{2150E333-8FDC-42A3-9474-1A3956D46DE8}") = "Platforms", "Platforms", "{A517F04D-3B37-4CCE-A601-D1E7E1ADA8FC}"
EndProject
Project("{FAE04EC0-301F-11D3-BF4B-00C04F79EFBC}") = "netflix_opensilver.Core", "netflix.Core\netflix_opensilver.Core.csproj", "{098695F3-03D6-4D8A-B056-FABCF719DC5D}"
EndProject
Global
	GlobalSection(SolutionConfigurationPlatforms) = preSolution
		Debug|Any CPU = Debug|Any CPU
		Release|Any CPU = Release|Any CPU
	EndGlobalSection
	GlobalSection(ProjectConfigurationPlatforms) = postSolution
		{11DF77CD-A757-49C2-A259-D083A62BD7B5}.Debug|Any CPU.ActiveCfg = Debug|Any CPU
		{11DF77CD-A757-49C2-A259-D083A62BD7B5}.Debug|Any CPU.Build.0 = Debug|Any CPU
		{11DF77CD-A757-49C2-A259-D083A62BD7B5}.Release|Any CPU.ActiveCfg = Release|Any CPU
		{11DF77CD-A757-49C2-A259-D083A62BD7B5}.Release|Any CPU.Build.0 = Release|Any CPU
		{AFCAD8FC-9338-4601-A2E2-CB428D90F143}.Debug|Any CPU.ActiveCfg = Debug|Any CPU
		{AFCAD8FC-9338-4601-A2E2-CB428D90F143}.Debug|Any CPU.Build.0 = Debug|Any CPU
		{AFCAD8FC-9338-4601-A2E2-CB428D90F143}.Release|Any CPU.ActiveCfg = Release|Any CPU
		{AFCAD8FC-9338-4601-A2E2-CB428D90F143}.Release|Any CPU.Build.0 = Release|Any CPU
		{E25D7839-35BF-4228-8DA8-C38DE11A5CBA}.Debug|Any CPU.ActiveCfg = Debug|Any CPU
		{E25D7839-35BF-4228-8DA8-C38DE11A5CBA}.Debug|Any CPU.Build.0 = Debug|Any CPU
		{E25D7839-35BF-4228-8DA8-C38DE11A5CBA}.Release|Any CPU.ActiveCfg = Release|Any CPU
		{E25D7839-35BF-4228-8DA8-C38DE11A5CBA}.Release|Any CPU.Build.0 = Release|Any CPU
		{E52FF174-0289-4037-BE83-D3C2D55D2C7D}.Debug|Any CPU.ActiveCfg = Debug|Any CPU
		{E52FF174-0289-4037-BE83-D3C2D55D2C7D}.Debug|Any CPU.Build.0 = Debug|Any CPU
		{E52FF174-0289-4037-BE83-D3C2D55D2C7D}.Release|Any CPU.ActiveCfg = Release|Any CPU
		{E52FF174-0289-4037-BE83-D3C2D55D2C7D}.Release|Any CPU.Build.0 = Release|Any CPU
		{098695F3-03D6-4D8A-B056-FABCF719DC5D}.Debug|Any CPU.ActiveCfg = Debug|Any CPU
		{098695F3-03D6-4D8A-B056-FABCF719DC5D}.Debug|Any CPU.Build.0 = Debug|Any CPU
		{098695F3-03D6-4D8A-B056-FABCF719DC5D}.Release|Any CPU.ActiveCfg = Release|Any CPU
		{098695F3-03D6-4D8A-B056-FABCF719DC5D}.Release|Any CPU.Build.0 = Release|Any CPU
	EndGlobalSection
	GlobalSection(SolutionProperties) = preSolution
		HideSolutionNode = FALSE
	EndGlobalSection
	GlobalSection(NestedProjects) = preSolution
		{11DF77CD-A757-49C2-A259-D083A62BD7B5} = {A517F04D-3B37-4CCE-A601-D1E7E1ADA8FC}
		{E25D7839-35BF-4228-8DA8-C38DE11A5CBA} = {A517F04D-3B37-4CCE-A601-D1E7E1ADA8FC}
		{E52FF174-0289-4037-BE83-D3C2D55D2C7D} = {A517F04D-3B37-4CCE-A601-D1E7E1ADA8FC}
	EndGlobalSection
EndGlobal
