
Microsoft Visual Studio Solution File, Format Version 12.00
# Visual Studio Version 17
VisualStudioVersion = 17.12.35527.113
MinimumVisualStudioVersion = 10.0.40219.1
Project("{FAE04EC0-301F-11D3-BF4B-00C04F79EFBC}") = "netflix.Browser", "netflix\netflix.Browser\netflix.Browser.csproj", "{11DF77CD-A757-49C2-A259-D083A62BD7B5}"
EndProject
Project("{FAE04EC0-301F-11D3-BF4B-00C04F79EFBC}") = "netflix", "netflix\netflix\netflix.csproj", "{AFCAD8FC-9338-4601-A2E2-CB428D90F143}"
EndProject
Project("{FAE04EC0-301F-11D3-BF4B-00C04F79EFBC}") = "netflix.Simulator", "netflix\netflix.Simulator\netflix.Simulator.csproj", "{E25D7839-35BF-4228-8DA8-C38DE11A5CBA}"
EndProject
Project("{FAE04EC0-301F-11D3-BF4B-00C04F79EFBC}") = "netflix.MauiHybrid", "netflix\netflix.MauiHybrid\netflix.MauiHybrid.csproj", "{E52FF174-0289-4037-BE83-D3C2D55D2C7D}"
EndProject
Project("{2150E333-8FDC-42A3-9474-1A3956D46DE8}") = "Platforms", "Platforms", "{A517F04D-3B37-4CCE-A601-D1E7E1ADA8FC}"
EndProject
Project("{FAE04EC0-301F-11D3-BF4B-00C04F79EFBC}") = "netflix.Login", "netflix.Login\netflix.Login.csproj", "{858AF2E1-9216-46E1-B717-C3876F3CE052}"
EndProject
Project("{FAE04EC0-301F-11D3-BF4B-00C04F79EFBC}") = "netflix.AppAbstractions", "netflix.AppAbstractions\netflix.AppAbstractions.csproj", "{D132648D-98FE-4091-BB3E-392D002C51A1}"
EndProject
Project("{FAE04EC0-301F-11D3-BF4B-00C04F79EFBC}") = "netflix.AppInfra", "netflix.AppInfra\netflix.AppInfra.csproj", "{1B74F65C-068F-DC17-8BA9-F30F5A5F7F2F}"
EndProject
Project("{FAE04EC0-301F-11D3-BF4B-00C04F79EFBC}") = "netflix.Core", "netflix.Core\netflix.Core.csproj", "{5A07C76A-E47D-E688-699B-2FB18A6A5F8B}"
EndProject
Project("{FAE04EC0-301F-11D3-BF4B-00C04F79EFBC}") = "netflix.Support", "netflix.Support\netflix.Support.csproj", "{F1E32208-5A67-4DDF-95BE-29A3E4C120F0}"
EndProject
Project("{2150E333-8FDC-42A3-9474-1A3956D46DE8}") = "Views", "Views", "{C8D5274F-AC00-46C7-1F8D-E88E81087A52}"
EndProject
Project("{FAE04EC0-301F-11D3-BF4B-00C04F79EFBC}") = "netflix.Main", "netflix.Main\netflix.Main.csproj", "{587FD159-A054-41F0-BEEF-A963DD35E0C6}"
EndProject
Project("{FAE04EC0-301F-11D3-BF4B-00C04F79EFBC}") = "netflix.Setting", "netflix.Setting\netflix.Setting.csproj", "{440CDC8A-FEE2-4796-9614-DEA06B58603C}"
EndProject
Project("{FAE04EC0-301F-11D3-BF4B-00C04F79EFBC}") = "netflix.Data", "netflix.Data\netflix.Data.csproj", "{F384DE0E-0C85-40DE-800E-3030E47514AE}"
EndProject
Global
	GlobalSection(SolutionConfigurationPlatforms) = preSolution
		Debug|Any CPU = Debug|Any CPU
		Release|Any CPU = Release|Any CPU
	EndGlobalSection
	GlobalSection(ProjectConfigurationPlatforms) = postSolution
		{11DF77CD-A757-49C2-A259-D083A62BD7B5}.Debug|Any CPU.ActiveCfg = Debug|Any CPU
		{11DF77CD-A757-49C2-A259-D083A62BD7B5}.Debug|Any CPU.Build.0 = Debug|Any CPU
		{11DF77CD-A757-49C2-A259-D083A62BD7B5}.Release|Any CPU.ActiveCfg = Release|Any CPU
		{11DF77CD-A757-49C2-A259-D083A62BD7B5}.Release|Any CPU.Build.0 = Release|Any CPU
		{AFCAD8FC-9338-4601-A2E2-CB428D90F143}.Debug|Any CPU.ActiveCfg = Debug|Any CPU
		{AFCAD8FC-9338-4601-A2E2-CB428D90F143}.Debug|Any CPU.Build.0 = Debug|Any CPU
		{AFCAD8FC-9338-4601-A2E2-CB428D90F143}.Release|Any CPU.ActiveCfg = Release|Any CPU
		{AFCAD8FC-9338-4601-A2E2-CB428D90F143}.Release|Any CPU.Build.0 = Release|Any CPU
		{E25D7839-35BF-4228-8DA8-C38DE11A5CBA}.Debug|Any CPU.ActiveCfg = Debug|Any CPU
		{E25D7839-35BF-4228-8DA8-C38DE11A5CBA}.Debug|Any CPU.Build.0 = Debug|Any CPU
		{E25D7839-35BF-4228-8DA8-C38DE11A5CBA}.Release|Any CPU.ActiveCfg = Release|Any CPU
		{E25D7839-35BF-4228-8DA8-C38DE11A5CBA}.Release|Any CPU.Build.0 = Release|Any CPU
		{E52FF174-0289-4037-BE83-D3C2D55D2C7D}.Debug|Any CPU.ActiveCfg = Debug|Any CPU
		{E52FF174-0289-4037-BE83-D3C2D55D2C7D}.Debug|Any CPU.Build.0 = Debug|Any CPU
		{E52FF174-0289-4037-BE83-D3C2D55D2C7D}.Release|Any CPU.ActiveCfg = Release|Any CPU
		{E52FF174-0289-4037-BE83-D3C2D55D2C7D}.Release|Any CPU.Build.0 = Release|Any CPU
		{858AF2E1-9216-46E1-B717-C3876F3CE052}.Debug|Any CPU.ActiveCfg = Debug|Any CPU
		{858AF2E1-9216-46E1-B717-C3876F3CE052}.Debug|Any CPU.Build.0 = Debug|Any CPU
		{858AF2E1-9216-46E1-B717-C3876F3CE052}.Release|Any CPU.ActiveCfg = Release|Any CPU
		{858AF2E1-9216-46E1-B717-C3876F3CE052}.Release|Any CPU.Build.0 = Release|Any CPU
		{D132648D-98FE-4091-BB3E-392D002C51A1}.Debug|Any CPU.ActiveCfg = Debug|Any CPU
		{D132648D-98FE-4091-BB3E-392D002C51A1}.Debug|Any CPU.Build.0 = Debug|Any CPU
		{D132648D-98FE-4091-BB3E-392D002C51A1}.Release|Any CPU.ActiveCfg = Release|Any CPU
		{D132648D-98FE-4091-BB3E-392D002C51A1}.Release|Any CPU.Build.0 = Release|Any CPU
		{1B74F65C-068F-DC17-8BA9-F30F5A5F7F2F}.Debug|Any CPU.ActiveCfg = Debug|Any CPU
		{1B74F65C-068F-DC17-8BA9-F30F5A5F7F2F}.Debug|Any CPU.Build.0 = Debug|Any CPU
		{1B74F65C-068F-DC17-8BA9-F30F5A5F7F2F}.Release|Any CPU.ActiveCfg = Release|Any CPU
		{1B74F65C-068F-DC17-8BA9-F30F5A5F7F2F}.Release|Any CPU.Build.0 = Release|Any CPU
		{5A07C76A-E47D-E688-699B-2FB18A6A5F8B}.Debug|Any CPU.ActiveCfg = Debug|Any CPU
		{5A07C76A-E47D-E688-699B-2FB18A6A5F8B}.Debug|Any CPU.Build.0 = Debug|Any CPU
		{5A07C76A-E47D-E688-699B-2FB18A6A5F8B}.Release|Any CPU.ActiveCfg = Release|Any CPU
		{5A07C76A-E47D-E688-699B-2FB18A6A5F8B}.Release|Any CPU.Build.0 = Release|Any CPU
		{F1E32208-5A67-4DDF-95BE-29A3E4C120F0}.Debug|Any CPU.ActiveCfg = Debug|Any CPU
		{F1E32208-5A67-4DDF-95BE-29A3E4C120F0}.Debug|Any CPU.Build.0 = Debug|Any CPU
		{F1E32208-5A67-4DDF-95BE-29A3E4C120F0}.Release|Any CPU.ActiveCfg = Release|Any CPU
		{F1E32208-5A67-4DDF-95BE-29A3E4C120F0}.Release|Any CPU.Build.0 = Release|Any CPU
		{587FD159-A054-41F0-BEEF-A963DD35E0C6}.Debug|Any CPU.ActiveCfg = Debug|Any CPU
		{587FD159-A054-41F0-BEEF-A963DD35E0C6}.Debug|Any CPU.Build.0 = Debug|Any CPU
		{587FD159-A054-41F0-BEEF-A963DD35E0C6}.Release|Any CPU.ActiveCfg = Release|Any CPU
		{587FD159-A054-41F0-BEEF-A963DD35E0C6}.Release|Any CPU.Build.0 = Release|Any CPU
		{440CDC8A-FEE2-4796-9614-DEA06B58603C}.Debug|Any CPU.ActiveCfg = Debug|Any CPU
		{440CDC8A-FEE2-4796-9614-DEA06B58603C}.Debug|Any CPU.Build.0 = Debug|Any CPU
		{440CDC8A-FEE2-4796-9614-DEA06B58603C}.Release|Any CPU.ActiveCfg = Release|Any CPU
		{440CDC8A-FEE2-4796-9614-DEA06B58603C}.Release|Any CPU.Build.0 = Release|Any CPU
		{F384DE0E-0C85-40DE-800E-3030E47514AE}.Debug|Any CPU.ActiveCfg = Debug|Any CPU
		{F384DE0E-0C85-40DE-800E-3030E47514AE}.Debug|Any CPU.Build.0 = Debug|Any CPU
		{F384DE0E-0C85-40DE-800E-3030E47514AE}.Release|Any CPU.ActiveCfg = Release|Any CPU
		{F384DE0E-0C85-40DE-800E-3030E47514AE}.Release|Any CPU.Build.0 = Release|Any CPU
	EndGlobalSection
	GlobalSection(SolutionProperties) = preSolution
		HideSolutionNode = FALSE
	EndGlobalSection
	GlobalSection(NestedProjects) = preSolution
		{11DF77CD-A757-49C2-A259-D083A62BD7B5} = {A517F04D-3B37-4CCE-A601-D1E7E1ADA8FC}
		{E25D7839-35BF-4228-8DA8-C38DE11A5CBA} = {A517F04D-3B37-4CCE-A601-D1E7E1ADA8FC}
		{E52FF174-0289-4037-BE83-D3C2D55D2C7D} = {A517F04D-3B37-4CCE-A601-D1E7E1ADA8FC}
		{858AF2E1-9216-46E1-B717-C3876F3CE052} = {C8D5274F-AC00-46C7-1F8D-E88E81087A52}
		{F1E32208-5A67-4DDF-95BE-29A3E4C120F0} = {C8D5274F-AC00-46C7-1F8D-E88E81087A52}
		{587FD159-A054-41F0-BEEF-A963DD35E0C6} = {C8D5274F-AC00-46C7-1F8D-E88E81087A52}
		{440CDC8A-FEE2-4796-9614-DEA06B58603C} = {C8D5274F-AC00-46C7-1F8D-E88E81087A52}
	EndGlobalSection
	GlobalSection(ExtensibilityGlobals) = postSolution
		SolutionGuid = {3549B417-164E-4B25-96C9-80F09303986A}
	EndGlobalSection
EndGlobal
